
Microsoft Visual Studio Solution File, Format Version 12.00
# Visual Studio Version 16
VisualStudioVersion = 16.0.31613.86
MinimumVisualStudioVersion = 10.0.40219.1
Project("{FAE04EC0-301F-11D3-BF4B-00C04F79EFBC}") = "Clase_8", "Clase_8.csproj", "{6EE49AE0-F873-40FB-9B32-84CB4EEDD04E}"
EndProject
Global
	GlobalSection(SolutionConfigurationPlatforms) = preSolution
		Debug|Any CPU = Debug|Any CPU
		Release|Any CPU = Release|Any CPU
	EndGlobalSection
	GlobalSection(ProjectConfigurationPlatforms) = postSolution
		{6EE49AE0-F873-40FB-9B32-84CB4EEDD04E}.Debug|Any CPU.ActiveCfg = Debug|Any CPU
		{6EE49AE0-F873-40FB-9B32-84CB4EEDD04E}.Debug|Any CPU.Build.0 = Debug|Any CPU
		{6EE49AE0-F873-40FB-9B32-84CB4EEDD04E}.Release|Any CPU.ActiveCfg = Release|Any CPU
		{6EE49AE0-F873-40FB-9B32-84CB4EEDD04E}.Release|Any CPU.Build.0 = Release|Any CPU
	EndGlobalSection
	GlobalSection(SolutionProperties) = preSolution
		HideSolutionNode = FALSE
	EndGlobalSection
	GlobalSection(ExtensibilityGlobals) = postSolution
		SolutionGuid = {FF27AB6C-2F7F-4C8F-8D99-5CC1F58C5D2D}
	EndGlobalSection
EndGlobal
